// !$*UTF8*$!
{
	archiveVersion = 1;
	classes = {
	};
	objectVersion = 51;
	objects = {

/* Begin PBXBuildFile section */
		0711F44B9B00735EA3037FD3 /* Pods_Sleepy_SleepyUITests.framework in Frameworks */ = {isa = PBXBuildFile; fileRef = 55BE029BB66AE6F249E37661 /* Pods_Sleepy_SleepyUITests.framework */; };
		24FF8D3929399EE4379B2FC3 /* Pods_Sleepy.framework in Frameworks */ = {isa = PBXBuildFile; fileRef = 689E3F164B9CA77F82D4B32D /* Pods_Sleepy.framework */; };
		2B420A70262891B200FAC9EA /* Main.storyboard in Resources */ = {isa = PBXBuildFile; fileRef = 2B420A6F262891B200FAC9EA /* Main.storyboard */; };
		2B420A7F262894D200FAC9EA /* StoryboardLoadable.swift in Sources */ = {isa = PBXBuildFile; fileRef = 2B420A7E262894D200FAC9EA /* StoryboardLoadable.swift */; };
		2B420A8F2628966C00FAC9EA /* DashboardItemCollectionViewCell.swift in Sources */ = {isa = PBXBuildFile; fileRef = 2B420A8E2628966C00FAC9EA /* DashboardItemCollectionViewCell.swift */; };
		2B420AA42628973200FAC9EA /* DashboardItem.swift in Sources */ = {isa = PBXBuildFile; fileRef = 2B420AA32628973200FAC9EA /* DashboardItem.swift */; };
		2B4E69FE2628BB000052EF7F /* DashboardItemListView.swift in Sources */ = {isa = PBXBuildFile; fileRef = 2B4E69FD2628BB000052EF7F /* DashboardItemListView.swift */; };
		2B4E6A032628BC560052EF7F /* DashboardItemListCollectionViewCell.swift in Sources */ = {isa = PBXBuildFile; fileRef = 2B4E6A022628BC560052EF7F /* DashboardItemListCollectionViewCell.swift */; };
		2BB759092628205F0047F696 /* NetworkController.swift in Sources */ = {isa = PBXBuildFile; fileRef = 2BB759082628205F0047F696 /* NetworkController.swift */; };
		2BB75911262820EF0047F696 /* Request.swift in Sources */ = {isa = PBXBuildFile; fileRef = 2BB75910262820EF0047F696 /* Request.swift */; };
		2BB75917262821250047F696 /* Endpoint.swift in Sources */ = {isa = PBXBuildFile; fileRef = 2BB75916262821250047F696 /* Endpoint.swift */; };
		2BB7591F262821500047F696 /* BlobEndpoint.swift in Sources */ = {isa = PBXBuildFile; fileRef = 2BB7591E262821500047F696 /* BlobEndpoint.swift */; };
		2BB7592E2628228B0047F696 /* SleepyError.swift in Sources */ = {isa = PBXBuildFile; fileRef = 2BB7592D2628228B0047F696 /* SleepyError.swift */; };
		2BB75937262824120047F696 /* DashboardRequest.swift in Sources */ = {isa = PBXBuildFile; fileRef = 2BB75936262824120047F696 /* DashboardRequest.swift */; };
		2BB759412628259B0047F696 /* DashboardViewModel.swift in Sources */ = {isa = PBXBuildFile; fileRef = 2BB759402628259B0047F696 /* DashboardViewModel.swift */; };
		2BB7594D262825B00047F696 /* DashboardNetworkController.swift in Sources */ = {isa = PBXBuildFile; fileRef = 2BB7594C262825B00047F696 /* DashboardNetworkController.swift */; };
		2BB75953262826050047F696 /* DashboardResponse.swift in Sources */ = {isa = PBXBuildFile; fileRef = 2BB75952262826050047F696 /* DashboardResponse.swift */; };
		2BB75961262826BC0047F696 /* Global.swift in Sources */ = {isa = PBXBuildFile; fileRef = 2BB75960262826BC0047F696 /* Global.swift */; };
		2BB759672628275B0047F696 /* Meditation.swift in Sources */ = {isa = PBXBuildFile; fileRef = 2BB759662628275B0047F696 /* Meditation.swift */; };
		2BB7596F262827610047F696 /* Story.swift in Sources */ = {isa = PBXBuildFile; fileRef = 2BB7596E262827610047F696 /* Story.swift */; };
		2BB75977262828290047F696 /* SleepyImageModel.swift in Sources */ = {isa = PBXBuildFile; fileRef = 2BB75976262828290047F696 /* SleepyImageModel.swift */; };
		2BB7598C26282E8E0047F696 /* DashboardDataProviderMocks.swift in Sources */ = {isa = PBXBuildFile; fileRef = 2BB7598B26282E8E0047F696 /* DashboardDataProviderMocks.swift */; };
		2BC20CEE2628177F00AC850C /* AppDelegate.swift in Sources */ = {isa = PBXBuildFile; fileRef = 2BC20CED2628177F00AC850C /* AppDelegate.swift */; };
		2BC20CF72628177F00AC850C /* Assets.xcassets in Resources */ = {isa = PBXBuildFile; fileRef = 2BC20CF62628177F00AC850C /* Assets.xcassets */; };
		2BC20CFA2628177F00AC850C /* LaunchScreen.storyboard in Resources */ = {isa = PBXBuildFile; fileRef = 2BC20CF82628177F00AC850C /* LaunchScreen.storyboard */; };
		2BC20D052628178000AC850C /* DashboardViewModelTests.swift in Sources */ = {isa = PBXBuildFile; fileRef = 2BC20D042628178000AC850C /* DashboardViewModelTests.swift */; };
		2BC20D102628178000AC850C /* SleepyUITests.swift in Sources */ = {isa = PBXBuildFile; fileRef = 2BC20D0F2628178000AC850C /* SleepyUITests.swift */; };
		2BC28F9D2628654A00A565BE /* StoryDetailViewModel.swift in Sources */ = {isa = PBXBuildFile; fileRef = 2BC28F9C2628654A00A565BE /* StoryDetailViewModel.swift */; };
		2BC28FA62628659F00A565BE /* StoryDetailViewModelTests.swift in Sources */ = {isa = PBXBuildFile; fileRef = 2BC28FA52628659F00A565BE /* StoryDetailViewModelTests.swift */; };
		2BC28FAF262865DF00A565BE /* Story+Mock.swift in Sources */ = {isa = PBXBuildFile; fileRef = 2BC28FAE262865DF00A565BE /* Story+Mock.swift */; };
		2BC28FB7262865E800A565BE /* Meditation+Mock.swift in Sources */ = {isa = PBXBuildFile; fileRef = 2BC28FB6262865E800A565BE /* Meditation+Mock.swift */; };
		2BC28FC32628677200A565BE /* ApplicationRouter.swift in Sources */ = {isa = PBXBuildFile; fileRef = 2BC28FC22628677200A565BE /* ApplicationRouter.swift */; };
		2BC28FCB262867BC00A565BE /* DashboardViewController.swift in Sources */ = {isa = PBXBuildFile; fileRef = 2BC28FCA262867BC00A565BE /* DashboardViewController.swift */; };
		2BC28FD0262867C700A565BE /* StoryDetailViewController.swift in Sources */ = {isa = PBXBuildFile; fileRef = 2BC28FCF262867C700A565BE /* StoryDetailViewController.swift */; };
		2BC28FD82628683800A565BE /* DashboardRouter.swift in Sources */ = {isa = PBXBuildFile; fileRef = 2BC28FD72628683800A565BE /* DashboardRouter.swift */; };
		2BC28FDD262868B800A565BE /* GenericRouting.swift in Sources */ = {isa = PBXBuildFile; fileRef = 2BC28FDC262868B800A565BE /* GenericRouting.swift */; };
		CB5D7DE777B35EAF69C4AF9F /* Pods_SleepyTests.framework in Frameworks */ = {isa = PBXBuildFile; fileRef = 4489E537588B5976BEE8613F /* Pods_SleepyTests.framework */; };
/* End PBXBuildFile section */

/* Begin PBXContainerItemProxy section */
		2BC20D012628178000AC850C /* PBXContainerItemProxy */ = {
			isa = PBXContainerItemProxy;
			containerPortal = 2BC20CE22628177F00AC850C /* Project object */;
			proxyType = 1;
			remoteGlobalIDString = 2BC20CE92628177F00AC850C;
			remoteInfo = Sleepy;
		};
		2BC20D0C2628178000AC850C /* PBXContainerItemProxy */ = {
			isa = PBXContainerItemProxy;
			containerPortal = 2BC20CE22628177F00AC850C /* Project object */;
			proxyType = 1;
			remoteGlobalIDString = 2BC20CE92628177F00AC850C;
			remoteInfo = Sleepy;
		};
/* End PBXContainerItemProxy section */

/* Begin PBXFileReference section */
		2B420A6F262891B200FAC9EA /* Main.storyboard */ = {isa = PBXFileReference; lastKnownFileType = file.storyboard; path = Main.storyboard; sourceTree = "<group>"; };
		2B420A7E262894D200FAC9EA /* StoryboardLoadable.swift */ = {isa = PBXFileReference; lastKnownFileType = sourcecode.swift; path = StoryboardLoadable.swift; sourceTree = "<group>"; };
		2B420A8E2628966C00FAC9EA /* DashboardItemCollectionViewCell.swift */ = {isa = PBXFileReference; lastKnownFileType = sourcecode.swift; path = DashboardItemCollectionViewCell.swift; sourceTree = "<group>"; };
		2B420AA32628973200FAC9EA /* DashboardItem.swift */ = {isa = PBXFileReference; lastKnownFileType = sourcecode.swift; path = DashboardItem.swift; sourceTree = "<group>"; };
		2B4E69FD2628BB000052EF7F /* DashboardItemListView.swift */ = {isa = PBXFileReference; lastKnownFileType = sourcecode.swift; path = DashboardItemListView.swift; sourceTree = "<group>"; };
		2B4E6A022628BC560052EF7F /* DashboardItemListCollectionViewCell.swift */ = {isa = PBXFileReference; lastKnownFileType = sourcecode.swift; path = DashboardItemListCollectionViewCell.swift; sourceTree = "<group>"; };
		2BB759082628205F0047F696 /* NetworkController.swift */ = {isa = PBXFileReference; lastKnownFileType = sourcecode.swift; path = NetworkController.swift; sourceTree = "<group>"; };
		2BB75910262820EF0047F696 /* Request.swift */ = {isa = PBXFileReference; lastKnownFileType = sourcecode.swift; path = Request.swift; sourceTree = "<group>"; };
		2BB75916262821250047F696 /* Endpoint.swift */ = {isa = PBXFileReference; lastKnownFileType = sourcecode.swift; path = Endpoint.swift; sourceTree = "<group>"; };
		2BB7591E262821500047F696 /* BlobEndpoint.swift */ = {isa = PBXFileReference; lastKnownFileType = sourcecode.swift; path = BlobEndpoint.swift; sourceTree = "<group>"; };
		2BB7592D2628228B0047F696 /* SleepyError.swift */ = {isa = PBXFileReference; lastKnownFileType = sourcecode.swift; path = SleepyError.swift; sourceTree = "<group>"; };
		2BB75936262824120047F696 /* DashboardRequest.swift */ = {isa = PBXFileReference; lastKnownFileType = sourcecode.swift; path = DashboardRequest.swift; sourceTree = "<group>"; };
		2BB759402628259B0047F696 /* DashboardViewModel.swift */ = {isa = PBXFileReference; lastKnownFileType = sourcecode.swift; path = DashboardViewModel.swift; sourceTree = "<group>"; };
		2BB7594C262825B00047F696 /* DashboardNetworkController.swift */ = {isa = PBXFileReference; lastKnownFileType = sourcecode.swift; path = DashboardNetworkController.swift; sourceTree = "<group>"; };
		2BB75952262826050047F696 /* DashboardResponse.swift */ = {isa = PBXFileReference; lastKnownFileType = sourcecode.swift; path = DashboardResponse.swift; sourceTree = "<group>"; };
		2BB75960262826BC0047F696 /* Global.swift */ = {isa = PBXFileReference; lastKnownFileType = sourcecode.swift; path = Global.swift; sourceTree = "<group>"; };
		2BB759662628275B0047F696 /* Meditation.swift */ = {isa = PBXFileReference; lastKnownFileType = sourcecode.swift; path = Meditation.swift; sourceTree = "<group>"; };
		2BB7596E262827610047F696 /* Story.swift */ = {isa = PBXFileReference; lastKnownFileType = sourcecode.swift; path = Story.swift; sourceTree = "<group>"; };
		2BB75976262828290047F696 /* SleepyImageModel.swift */ = {isa = PBXFileReference; lastKnownFileType = sourcecode.swift; path = SleepyImageModel.swift; sourceTree = "<group>"; };
		2BB7598B26282E8E0047F696 /* DashboardDataProviderMocks.swift */ = {isa = PBXFileReference; lastKnownFileType = sourcecode.swift; path = DashboardDataProviderMocks.swift; sourceTree = "<group>"; };
		2BC20CEA2628177F00AC850C /* Sleepy.app */ = {isa = PBXFileReference; explicitFileType = wrapper.application; includeInIndex = 0; path = Sleepy.app; sourceTree = BUILT_PRODUCTS_DIR; };
		2BC20CED2628177F00AC850C /* AppDelegate.swift */ = {isa = PBXFileReference; lastKnownFileType = sourcecode.swift; path = AppDelegate.swift; sourceTree = "<group>"; };
		2BC20CF62628177F00AC850C /* Assets.xcassets */ = {isa = PBXFileReference; lastKnownFileType = folder.assetcatalog; path = Assets.xcassets; sourceTree = "<group>"; };
		2BC20CF92628177F00AC850C /* Base */ = {isa = PBXFileReference; lastKnownFileType = file.storyboard; name = Base; path = Base.lproj/LaunchScreen.storyboard; sourceTree = "<group>"; };
		2BC20CFB2628177F00AC850C /* Info.plist */ = {isa = PBXFileReference; lastKnownFileType = text.plist.xml; path = Info.plist; sourceTree = "<group>"; };
		2BC20D002628178000AC850C /* SleepyTests.xctest */ = {isa = PBXFileReference; explicitFileType = wrapper.cfbundle; includeInIndex = 0; path = SleepyTests.xctest; sourceTree = BUILT_PRODUCTS_DIR; };
		2BC20D042628178000AC850C /* DashboardViewModelTests.swift */ = {isa = PBXFileReference; lastKnownFileType = sourcecode.swift; path = DashboardViewModelTests.swift; sourceTree = "<group>"; };
		2BC20D062628178000AC850C /* Info.plist */ = {isa = PBXFileReference; lastKnownFileType = text.plist.xml; path = Info.plist; sourceTree = "<group>"; };
		2BC20D0B2628178000AC850C /* SleepyUITests.xctest */ = {isa = PBXFileReference; explicitFileType = wrapper.cfbundle; includeInIndex = 0; path = SleepyUITests.xctest; sourceTree = BUILT_PRODUCTS_DIR; };
		2BC20D0F2628178000AC850C /* SleepyUITests.swift */ = {isa = PBXFileReference; lastKnownFileType = sourcecode.swift; path = SleepyUITests.swift; sourceTree = "<group>"; };
		2BC20D112628178000AC850C /* Info.plist */ = {isa = PBXFileReference; lastKnownFileType = text.plist.xml; path = Info.plist; sourceTree = "<group>"; };
		2BC28F9C2628654A00A565BE /* StoryDetailViewModel.swift */ = {isa = PBXFileReference; lastKnownFileType = sourcecode.swift; path = StoryDetailViewModel.swift; sourceTree = "<group>"; };
		2BC28FA52628659F00A565BE /* StoryDetailViewModelTests.swift */ = {isa = PBXFileReference; lastKnownFileType = sourcecode.swift; path = StoryDetailViewModelTests.swift; sourceTree = "<group>"; };
		2BC28FAE262865DF00A565BE /* Story+Mock.swift */ = {isa = PBXFileReference; lastKnownFileType = sourcecode.swift; path = "Story+Mock.swift"; sourceTree = "<group>"; };
		2BC28FB6262865E800A565BE /* Meditation+Mock.swift */ = {isa = PBXFileReference; lastKnownFileType = sourcecode.swift; path = "Meditation+Mock.swift"; sourceTree = "<group>"; };
		2BC28FC22628677200A565BE /* ApplicationRouter.swift */ = {isa = PBXFileReference; lastKnownFileType = sourcecode.swift; path = ApplicationRouter.swift; sourceTree = "<group>"; };
		2BC28FCA262867BC00A565BE /* DashboardViewController.swift */ = {isa = PBXFileReference; lastKnownFileType = sourcecode.swift; path = DashboardViewController.swift; sourceTree = "<group>"; };
		2BC28FCF262867C700A565BE /* StoryDetailViewController.swift */ = {isa = PBXFileReference; lastKnownFileType = sourcecode.swift; path = StoryDetailViewController.swift; sourceTree = "<group>"; };
		2BC28FD72628683800A565BE /* DashboardRouter.swift */ = {isa = PBXFileReference; lastKnownFileType = sourcecode.swift; path = DashboardRouter.swift; sourceTree = "<group>"; };
		2BC28FDC262868B800A565BE /* GenericRouting.swift */ = {isa = PBXFileReference; lastKnownFileType = sourcecode.swift; path = GenericRouting.swift; sourceTree = "<group>"; };
		4489E537588B5976BEE8613F /* Pods_SleepyTests.framework */ = {isa = PBXFileReference; explicitFileType = wrapper.framework; includeInIndex = 0; path = Pods_SleepyTests.framework; sourceTree = BUILT_PRODUCTS_DIR; };
		48C5FE3BF75FA94457BBEAE3 /* Pods-Sleepy.release.xcconfig */ = {isa = PBXFileReference; includeInIndex = 1; lastKnownFileType = text.xcconfig; name = "Pods-Sleepy.release.xcconfig"; path = "Target Support Files/Pods-Sleepy/Pods-Sleepy.release.xcconfig"; sourceTree = "<group>"; };
		53B81CFB1FE0D483B6A1836C /* Pods-Sleepy.debug.xcconfig */ = {isa = PBXFileReference; includeInIndex = 1; lastKnownFileType = text.xcconfig; name = "Pods-Sleepy.debug.xcconfig"; path = "Target Support Files/Pods-Sleepy/Pods-Sleepy.debug.xcconfig"; sourceTree = "<group>"; };
		55BE029BB66AE6F249E37661 /* Pods_Sleepy_SleepyUITests.framework */ = {isa = PBXFileReference; explicitFileType = wrapper.framework; includeInIndex = 0; path = Pods_Sleepy_SleepyUITests.framework; sourceTree = BUILT_PRODUCTS_DIR; };
		6367D6A5361BAA1C55348EE4 /* Pods-SleepyTests.debug.xcconfig */ = {isa = PBXFileReference; includeInIndex = 1; lastKnownFileType = text.xcconfig; name = "Pods-SleepyTests.debug.xcconfig"; path = "Target Support Files/Pods-SleepyTests/Pods-SleepyTests.debug.xcconfig"; sourceTree = "<group>"; };
		689E3F164B9CA77F82D4B32D /* Pods_Sleepy.framework */ = {isa = PBXFileReference; explicitFileType = wrapper.framework; includeInIndex = 0; path = Pods_Sleepy.framework; sourceTree = BUILT_PRODUCTS_DIR; };
		836F2E4EF5F508CC337083C2 /* Pods-Sleepy-SleepyUITests.release.xcconfig */ = {isa = PBXFileReference; includeInIndex = 1; lastKnownFileType = text.xcconfig; name = "Pods-Sleepy-SleepyUITests.release.xcconfig"; path = "Target Support Files/Pods-Sleepy-SleepyUITests/Pods-Sleepy-SleepyUITests.release.xcconfig"; sourceTree = "<group>"; };
		AB216AB4B29235DC2107EA7B /* Pods-SleepyTests.release.xcconfig */ = {isa = PBXFileReference; includeInIndex = 1; lastKnownFileType = text.xcconfig; name = "Pods-SleepyTests.release.xcconfig"; path = "Target Support Files/Pods-SleepyTests/Pods-SleepyTests.release.xcconfig"; sourceTree = "<group>"; };
		BA20B37DFA6366E9E07A7144 /* Pods-Sleepy-SleepyUITests.debug.xcconfig */ = {isa = PBXFileReference; includeInIndex = 1; lastKnownFileType = text.xcconfig; name = "Pods-Sleepy-SleepyUITests.debug.xcconfig"; path = "Target Support Files/Pods-Sleepy-SleepyUITests/Pods-Sleepy-SleepyUITests.debug.xcconfig"; sourceTree = "<group>"; };
/* End PBXFileReference section */

/* Begin PBXFrameworksBuildPhase section */
		2BC20CE72628177F00AC850C /* Frameworks */ = {
			isa = PBXFrameworksBuildPhase;
			buildActionMask = 2147483647;
			files = (
				24FF8D3929399EE4379B2FC3 /* Pods_Sleepy.framework in Frameworks */,
			);
			runOnlyForDeploymentPostprocessing = 0;
		};
		2BC20CFD2628178000AC850C /* Frameworks */ = {
			isa = PBXFrameworksBuildPhase;
			buildActionMask = 2147483647;
			files = (
				CB5D7DE777B35EAF69C4AF9F /* Pods_SleepyTests.framework in Frameworks */,
			);
			runOnlyForDeploymentPostprocessing = 0;
		};
		2BC20D082628178000AC850C /* Frameworks */ = {
			isa = PBXFrameworksBuildPhase;
			buildActionMask = 2147483647;
			files = (
				0711F44B9B00735EA3037FD3 /* Pods_Sleepy_SleepyUITests.framework in Frameworks */,
			);
			runOnlyForDeploymentPostprocessing = 0;
		};
/* End PBXFrameworksBuildPhase section */

/* Begin PBXGroup section */
		2B420A7C262894B500FAC9EA /* Extensions */ = {
			isa = PBXGroup;
			children = (
				2B420A7D262894C500FAC9EA /* UI */,
			);
			path = Extensions;
			sourceTree = "<group>";
		};
		2B420A7D262894C500FAC9EA /* UI */ = {
			isa = PBXGroup;
			children = (
				2B420A7E262894D200FAC9EA /* StoryboardLoadable.swift */,
			);
			path = UI;
			sourceTree = "<group>";
		};
		2B420A8D2628965300FAC9EA /* Views */ = {
			isa = PBXGroup;
			children = (
				2B420A8E2628966C00FAC9EA /* DashboardItemCollectionViewCell.swift */,
				2B4E6A022628BC560052EF7F /* DashboardItemListCollectionViewCell.swift */,
				2B4E69FD2628BB000052EF7F /* DashboardItemListView.swift */,
			);
			path = Views;
			sourceTree = "<group>";
		};
		2BB759072628204A0047F696 /* Network */ = {
			isa = PBXGroup;
			children = (
				2BB759152628210C0047F696 /* Endpoints */,
				2BB759082628205F0047F696 /* NetworkController.swift */,
				2BB75910262820EF0047F696 /* Request.swift */,
				2BB7592D2628228B0047F696 /* SleepyError.swift */,
			);
			path = Network;
			sourceTree = "<group>";
		};
		2BB759152628210C0047F696 /* Endpoints */ = {
			isa = PBXGroup;
			children = (
				2BB75916262821250047F696 /* Endpoint.swift */,
				2BB7591E262821500047F696 /* BlobEndpoint.swift */,
			);
			path = Endpoints;
			sourceTree = "<group>";
		};
		2BB75935262824030047F696 /* Network */ = {
			isa = PBXGroup;
			children = (
				2BB7594C262825B00047F696 /* DashboardNetworkController.swift */,
				2BB75936262824120047F696 /* DashboardRequest.swift */,
				2BB75952262826050047F696 /* DashboardResponse.swift */,
			);
			path = Network;
			sourceTree = "<group>";
		};
		2BB7593E262825860047F696 /* Scenes */ = {
			isa = PBXGroup;
			children = (
				2BB7593F2628258A0047F696 /* Dashboard */,
				2BC28F9B2628653700A565BE /* Story Detail */,
				2B420A6F262891B200FAC9EA /* Main.storyboard */,
			);
			path = Scenes;
			sourceTree = "<group>";
		};
		2BB7593F2628258A0047F696 /* Dashboard */ = {
			isa = PBXGroup;
			children = (
				2BB75935262824030047F696 /* Network */,
				2B420A8D2628965300FAC9EA /* Views */,
				2BC28FD72628683800A565BE /* DashboardRouter.swift */,
				2BC28FCA262867BC00A565BE /* DashboardViewController.swift */,
				2BB759402628259B0047F696 /* DashboardViewModel.swift */,
			);
			path = Dashboard;
			sourceTree = "<group>";
		};
		2BB759652628274E0047F696 /* Models */ = {
			isa = PBXGroup;
			children = (
				2B420AA32628973200FAC9EA /* DashboardItem.swift */,
				2BB759662628275B0047F696 /* Meditation.swift */,
				2BB75976262828290047F696 /* SleepyImageModel.swift */,
				2BB7596E262827610047F696 /* Story.swift */,
			);
			path = Models;
			sourceTree = "<group>";
		};
		2BB7598926282E740047F696 /* Scenes */ = {
			isa = PBXGroup;
			children = (
				2BC28FA42628659300A565BE /* Story Detail */,
				2BB7598A26282E7C0047F696 /* Dashboard */,
			);
			path = Scenes;
			sourceTree = "<group>";
		};
		2BB7598A26282E7C0047F696 /* Dashboard */ = {
			isa = PBXGroup;
			children = (
				2BC20D042628178000AC850C /* DashboardViewModelTests.swift */,
				2BB7598B26282E8E0047F696 /* DashboardDataProviderMocks.swift */,
			);
			path = Dashboard;
			sourceTree = "<group>";
		};
		2BC20CE12628177F00AC850C = {
			isa = PBXGroup;
			children = (
				2BC20CEC2628177F00AC850C /* Sleepy */,
				2BC20D032628178000AC850C /* SleepyTests */,
				2BC20D0E2628178000AC850C /* SleepyUITests */,
				2BC20CEB2628177F00AC850C /* Products */,
				A4D4B5D10D6909C3D8E67FFD /* Pods */,
				ABEB3801115CA4A865926086 /* Frameworks */,
			);
			sourceTree = "<group>";
		};
		2BC20CEB2628177F00AC850C /* Products */ = {
			isa = PBXGroup;
			children = (
				2BC20CEA2628177F00AC850C /* Sleepy.app */,
				2BC20D002628178000AC850C /* SleepyTests.xctest */,
				2BC20D0B2628178000AC850C /* SleepyUITests.xctest */,
			);
			name = Products;
			sourceTree = "<group>";
		};
		2BC20CEC2628177F00AC850C /* Sleepy */ = {
			isa = PBXGroup;
			children = (
				2BC20CFB2628177F00AC850C /* Info.plist */,
				2BC20CED2628177F00AC850C /* AppDelegate.swift */,
				2BB75960262826BC0047F696 /* Global.swift */,
				2BC20CF62628177F00AC850C /* Assets.xcassets */,
				2BC20CF82628177F00AC850C /* LaunchScreen.storyboard */,
				2B420A7C262894B500FAC9EA /* Extensions */,
				2BB759652628274E0047F696 /* Models */,
				2BB759072628204A0047F696 /* Network */,
				2BC28FC12628676800A565BE /* Routers */,
				2BB7593E262825860047F696 /* Scenes */,
			);
			path = Sleepy;
			sourceTree = "<group>";
		};
		2BC20D032628178000AC850C /* SleepyTests */ = {
			isa = PBXGroup;
			children = (
				2BC28FAD262865D600A565BE /* Mock */,
				2BB7598926282E740047F696 /* Scenes */,
				2BC20D062628178000AC850C /* Info.plist */,
			);
			path = SleepyTests;
			sourceTree = "<group>";
		};
		2BC20D0E2628178000AC850C /* SleepyUITests */ = {
			isa = PBXGroup;
			children = (
				2BC20D0F2628178000AC850C /* SleepyUITests.swift */,
				2BC20D112628178000AC850C /* Info.plist */,
			);
			path = SleepyUITests;
			sourceTree = "<group>";
		};
		2BC28F9B2628653700A565BE /* Story Detail */ = {
			isa = PBXGroup;
			children = (
				2BC28F9C2628654A00A565BE /* StoryDetailViewModel.swift */,
				2BC28FCF262867C700A565BE /* StoryDetailViewController.swift */,
			);
			path = "Story Detail";
			sourceTree = "<group>";
		};
		2BC28FA42628659300A565BE /* Story Detail */ = {
			isa = PBXGroup;
			children = (
				2BC28FA52628659F00A565BE /* StoryDetailViewModelTests.swift */,
			);
			path = "Story Detail";
			sourceTree = "<group>";
		};
		2BC28FAD262865D600A565BE /* Mock */ = {
			isa = PBXGroup;
			children = (
				2BC28FB6262865E800A565BE /* Meditation+Mock.swift */,
				2BC28FAE262865DF00A565BE /* Story+Mock.swift */,
			);
			path = Mock;
			sourceTree = "<group>";
		};
		2BC28FC12628676800A565BE /* Routers */ = {
			isa = PBXGroup;
			children = (
				2BC28FC22628677200A565BE /* ApplicationRouter.swift */,
				2BC28FDC262868B800A565BE /* GenericRouting.swift */,
			);
			path = Routers;
			sourceTree = "<group>";
		};
		A4D4B5D10D6909C3D8E67FFD /* Pods */ = {
			isa = PBXGroup;
			children = (
				53B81CFB1FE0D483B6A1836C /* Pods-Sleepy.debug.xcconfig */,
				48C5FE3BF75FA94457BBEAE3 /* Pods-Sleepy.release.xcconfig */,
				BA20B37DFA6366E9E07A7144 /* Pods-Sleepy-SleepyUITests.debug.xcconfig */,
				836F2E4EF5F508CC337083C2 /* Pods-Sleepy-SleepyUITests.release.xcconfig */,
				6367D6A5361BAA1C55348EE4 /* Pods-SleepyTests.debug.xcconfig */,
				AB216AB4B29235DC2107EA7B /* Pods-SleepyTests.release.xcconfig */,
			);
			path = Pods;
			sourceTree = "<group>";
		};
		ABEB3801115CA4A865926086 /* Frameworks */ = {
			isa = PBXGroup;
			children = (
				689E3F164B9CA77F82D4B32D /* Pods_Sleepy.framework */,
				55BE029BB66AE6F249E37661 /* Pods_Sleepy_SleepyUITests.framework */,
				4489E537588B5976BEE8613F /* Pods_SleepyTests.framework */,
			);
			name = Frameworks;
			sourceTree = "<group>";
		};
/* End PBXGroup section */

/* Begin PBXNativeTarget section */
		2BC20CE92628177F00AC850C /* Sleepy */ = {
			isa = PBXNativeTarget;
			buildConfigurationList = 2BC20D142628178000AC850C /* Build configuration list for PBXNativeTarget "Sleepy" */;
			buildPhases = (
				59FACE40A423023B8BBC4BEA /* [CP] Check Pods Manifest.lock */,
				2BB759262628220C0047F696 /* ShellScript */,
				2BC20CE62628177F00AC850C /* Sources */,
				2BC20CE72628177F00AC850C /* Frameworks */,
				2BC20CE82628177F00AC850C /* Resources */,
				D583861F1F1B718145DF4E50 /* [CP] Embed Pods Frameworks */,
			);
			buildRules = (
			);
			dependencies = (
			);
			name = Sleepy;
			productName = Sleepy;
			productReference = 2BC20CEA2628177F00AC850C /* Sleepy.app */;
			productType = "com.apple.product-type.application";
		};
		2BC20CFF2628178000AC850C /* SleepyTests */ = {
			isa = PBXNativeTarget;
			buildConfigurationList = 2BC20D172628178000AC850C /* Build configuration list for PBXNativeTarget "SleepyTests" */;
			buildPhases = (
				EA2752FB833C64E0CD013828 /* [CP] Check Pods Manifest.lock */,
				2BC20CFC2628178000AC850C /* Sources */,
				2BC20CFD2628178000AC850C /* Frameworks */,
				2BC20CFE2628178000AC850C /* Resources */,
			);
			buildRules = (
			);
			dependencies = (
				2BC20D022628178000AC850C /* PBXTargetDependency */,
			);
			name = SleepyTests;
			productName = SleepyTests;
			productReference = 2BC20D002628178000AC850C /* SleepyTests.xctest */;
			productType = "com.apple.product-type.bundle.unit-test";
		};
		2BC20D0A2628178000AC850C /* SleepyUITests */ = {
			isa = PBXNativeTarget;
			buildConfigurationList = 2BC20D1A2628178000AC850C /* Build configuration list for PBXNativeTarget "SleepyUITests" */;
			buildPhases = (
				0B978F8EAEBCDEB044F683A9 /* [CP] Check Pods Manifest.lock */,
				2BC20D072628178000AC850C /* Sources */,
				2BC20D082628178000AC850C /* Frameworks */,
				2BC20D092628178000AC850C /* Resources */,
				50C7E58FE55E4058C72A575F /* [CP] Embed Pods Frameworks */,
			);
			buildRules = (
			);
			dependencies = (
				2BC20D0D2628178000AC850C /* PBXTargetDependency */,
			);
			name = SleepyUITests;
			productName = SleepyUITests;
			productReference = 2BC20D0B2628178000AC850C /* SleepyUITests.xctest */;
			productType = "com.apple.product-type.bundle.ui-testing";
		};
/* End PBXNativeTarget section */

/* Begin PBXProject section */
		2BC20CE22628177F00AC850C /* Project object */ = {
			isa = PBXProject;
			attributes = {
				LastSwiftUpdateCheck = 1230;
				LastUpgradeCheck = 1230;
				TargetAttributes = {
					2BC20CE92628177F00AC850C = {
						CreatedOnToolsVersion = 12.3;
					};
					2BC20CFF2628178000AC850C = {
						CreatedOnToolsVersion = 12.3;
						TestTargetID = 2BC20CE92628177F00AC850C;
					};
					2BC20D0A2628178000AC850C = {
						CreatedOnToolsVersion = 12.3;
						TestTargetID = 2BC20CE92628177F00AC850C;
					};
				};
			};
			buildConfigurationList = 2BC20CE52628177F00AC850C /* Build configuration list for PBXProject "Sleepy" */;
			compatibilityVersion = "Xcode 9.3";
			developmentRegion = en;
			hasScannedForEncodings = 0;
			knownRegions = (
				en,
				Base,
			);
			mainGroup = 2BC20CE12628177F00AC850C;
			productRefGroup = 2BC20CEB2628177F00AC850C /* Products */;
			projectDirPath = "";
			projectRoot = "";
			targets = (
				2BC20CE92628177F00AC850C /* Sleepy */,
				2BC20CFF2628178000AC850C /* SleepyTests */,
				2BC20D0A2628178000AC850C /* SleepyUITests */,
			);
		};
/* End PBXProject section */

/* Begin PBXResourcesBuildPhase section */
		2BC20CE82628177F00AC850C /* Resources */ = {
			isa = PBXResourcesBuildPhase;
			buildActionMask = 2147483647;
			files = (
				2BC20CFA2628177F00AC850C /* LaunchScreen.storyboard in Resources */,
				2BC20CF72628177F00AC850C /* Assets.xcassets in Resources */,
				2B420A70262891B200FAC9EA /* Main.storyboard in Resources */,
			);
			runOnlyForDeploymentPostprocessing = 0;
		};
		2BC20CFE2628178000AC850C /* Resources */ = {
			isa = PBXResourcesBuildPhase;
			buildActionMask = 2147483647;
			files = (
			);
			runOnlyForDeploymentPostprocessing = 0;
		};
		2BC20D092628178000AC850C /* Resources */ = {
			isa = PBXResourcesBuildPhase;
			buildActionMask = 2147483647;
			files = (
			);
			runOnlyForDeploymentPostprocessing = 0;
		};
/* End PBXResourcesBuildPhase section */

/* Begin PBXShellScriptBuildPhase section */
		0B978F8EAEBCDEB044F683A9 /* [CP] Check Pods Manifest.lock */ = {
			isa = PBXShellScriptBuildPhase;
			buildActionMask = 2147483647;
			files = (
			);
			inputFileListPaths = (
			);
			inputPaths = (
				"${PODS_PODFILE_DIR_PATH}/Podfile.lock",
				"${PODS_ROOT}/Manifest.lock",
			);
			name = "[CP] Check Pods Manifest.lock";
			outputFileListPaths = (
			);
			outputPaths = (
				"$(DERIVED_FILE_DIR)/Pods-Sleepy-SleepyUITests-checkManifestLockResult.txt",
			);
			runOnlyForDeploymentPostprocessing = 0;
			shellPath = /bin/sh;
			shellScript = "diff \"${PODS_PODFILE_DIR_PATH}/Podfile.lock\" \"${PODS_ROOT}/Manifest.lock\" > /dev/null\nif [ $? != 0 ] ; then\n    # print error to STDERR\n    echo \"error: The sandbox is not in sync with the Podfile.lock. Run 'pod install' or update your CocoaPods installation.\" >&2\n    exit 1\nfi\n# This output is used by Xcode 'outputs' to avoid re-running this script phase.\necho \"SUCCESS\" > \"${SCRIPT_OUTPUT_FILE_0}\"\n";
			showEnvVarsInLog = 0;
		};
		2BB759262628220C0047F696 /* ShellScript */ = {
			isa = PBXShellScriptBuildPhase;
			buildActionMask = 2147483647;
			files = (
			);
			inputFileListPaths = (
			);
			inputPaths = (
			);
			outputFileListPaths = (
			);
			outputPaths = (
			);
			runOnlyForDeploymentPostprocessing = 0;
			shellPath = /bin/sh;
			shellScript = "if which swiftlint >/dev/null; then\n  swiftlint\nelse\n  echo \"warning: SwiftLint not installed, download from https://github.com/realm/SwiftLint\"\nfi\n";
		};
		50C7E58FE55E4058C72A575F /* [CP] Embed Pods Frameworks */ = {
			isa = PBXShellScriptBuildPhase;
			buildActionMask = 2147483647;
			files = (
			);
			inputFileListPaths = (
				"${PODS_ROOT}/Target Support Files/Pods-Sleepy-SleepyUITests/Pods-Sleepy-SleepyUITests-frameworks-${CONFIGURATION}-input-files.xcfilelist",
			);
			name = "[CP] Embed Pods Frameworks";
			outputFileListPaths = (
				"${PODS_ROOT}/Target Support Files/Pods-Sleepy-SleepyUITests/Pods-Sleepy-SleepyUITests-frameworks-${CONFIGURATION}-output-files.xcfilelist",
			);
			runOnlyForDeploymentPostprocessing = 0;
			shellPath = /bin/sh;
			shellScript = "\"${PODS_ROOT}/Target Support Files/Pods-Sleepy-SleepyUITests/Pods-Sleepy-SleepyUITests-frameworks.sh\"\n";
			showEnvVarsInLog = 0;
		};
		59FACE40A423023B8BBC4BEA /* [CP] Check Pods Manifest.lock */ = {
			isa = PBXShellScriptBuildPhase;
			buildActionMask = 2147483647;
			files = (
			);
			inputFileListPaths = (
			);
			inputPaths = (
				"${PODS_PODFILE_DIR_PATH}/Podfile.lock",
				"${PODS_ROOT}/Manifest.lock",
			);
			name = "[CP] Check Pods Manifest.lock";
			outputFileListPaths = (
			);
			outputPaths = (
				"$(DERIVED_FILE_DIR)/Pods-Sleepy-checkManifestLockResult.txt",
			);
			runOnlyForDeploymentPostprocessing = 0;
			shellPath = /bin/sh;
			shellScript = "diff \"${PODS_PODFILE_DIR_PATH}/Podfile.lock\" \"${PODS_ROOT}/Manifest.lock\" > /dev/null\nif [ $? != 0 ] ; then\n    # print error to STDERR\n    echo \"error: The sandbox is not in sync with the Podfile.lock. Run 'pod install' or update your CocoaPods installation.\" >&2\n    exit 1\nfi\n# This output is used by Xcode 'outputs' to avoid re-running this script phase.\necho \"SUCCESS\" > \"${SCRIPT_OUTPUT_FILE_0}\"\n";
			showEnvVarsInLog = 0;
		};
		D583861F1F1B718145DF4E50 /* [CP] Embed Pods Frameworks */ = {
			isa = PBXShellScriptBuildPhase;
			buildActionMask = 2147483647;
			files = (
			);
			inputFileListPaths = (
				"${PODS_ROOT}/Target Support Files/Pods-Sleepy/Pods-Sleepy-frameworks-${CONFIGURATION}-input-files.xcfilelist",
			);
			name = "[CP] Embed Pods Frameworks";
			outputFileListPaths = (
				"${PODS_ROOT}/Target Support Files/Pods-Sleepy/Pods-Sleepy-frameworks-${CONFIGURATION}-output-files.xcfilelist",
			);
			runOnlyForDeploymentPostprocessing = 0;
			shellPath = /bin/sh;
			shellScript = "\"${PODS_ROOT}/Target Support Files/Pods-Sleepy/Pods-Sleepy-frameworks.sh\"\n";
			showEnvVarsInLog = 0;
		};
		EA2752FB833C64E0CD013828 /* [CP] Check Pods Manifest.lock */ = {
			isa = PBXShellScriptBuildPhase;
			buildActionMask = 2147483647;
			files = (
			);
			inputFileListPaths = (
			);
			inputPaths = (
				"${PODS_PODFILE_DIR_PATH}/Podfile.lock",
				"${PODS_ROOT}/Manifest.lock",
			);
			name = "[CP] Check Pods Manifest.lock";
			outputFileListPaths = (
			);
			outputPaths = (
				"$(DERIVED_FILE_DIR)/Pods-SleepyTests-checkManifestLockResult.txt",
			);
			runOnlyForDeploymentPostprocessing = 0;
			shellPath = /bin/sh;
			shellScript = "diff \"${PODS_PODFILE_DIR_PATH}/Podfile.lock\" \"${PODS_ROOT}/Manifest.lock\" > /dev/null\nif [ $? != 0 ] ; then\n    # print error to STDERR\n    echo \"error: The sandbox is not in sync with the Podfile.lock. Run 'pod install' or update your CocoaPods installation.\" >&2\n    exit 1\nfi\n# This output is used by Xcode 'outputs' to avoid re-running this script phase.\necho \"SUCCESS\" > \"${SCRIPT_OUTPUT_FILE_0}\"\n";
			showEnvVarsInLog = 0;
		};
/* End PBXShellScriptBuildPhase section */

/* Begin PBXSourcesBuildPhase section */
		2BC20CE62628177F00AC850C /* Sources */ = {
			isa = PBXSourcesBuildPhase;
			buildActionMask = 2147483647;
			files = (
				2BB7592E2628228B0047F696 /* SleepyError.swift in Sources */,
				2BC28FD0262867C700A565BE /* StoryDetailViewController.swift in Sources */,
				2BB75937262824120047F696 /* DashboardRequest.swift in Sources */,
				2BB7594D262825B00047F696 /* DashboardNetworkController.swift in Sources */,
				2B4E69FE2628BB000052EF7F /* DashboardItemListView.swift in Sources */,
				2BB75953262826050047F696 /* DashboardResponse.swift in Sources */,
				2BB759092628205F0047F696 /* NetworkController.swift in Sources */,
				2BB75911262820EF0047F696 /* Request.swift in Sources */,
				2BB75961262826BC0047F696 /* Global.swift in Sources */,
				2BC28FC32628677200A565BE /* ApplicationRouter.swift in Sources */,
				2BC28F9D2628654A00A565BE /* StoryDetailViewModel.swift in Sources */,
				2BB75917262821250047F696 /* Endpoint.swift in Sources */,
				2B420AA42628973200FAC9EA /* DashboardItem.swift in Sources */,
				2BC28FD82628683800A565BE /* DashboardRouter.swift in Sources */,
				2BB7596F262827610047F696 /* Story.swift in Sources */,
				2BB7591F262821500047F696 /* BlobEndpoint.swift in Sources */,
				2BB759672628275B0047F696 /* Meditation.swift in Sources */,
				2BC20CEE2628177F00AC850C /* AppDelegate.swift in Sources */,
				2B420A7F262894D200FAC9EA /* StoryboardLoadable.swift in Sources */,
				2BC28FDD262868B800A565BE /* GenericRouting.swift in Sources */,
				2B4E6A032628BC560052EF7F /* DashboardItemListCollectionViewCell.swift in Sources */,
				2B420A8F2628966C00FAC9EA /* DashboardItemCollectionViewCell.swift in Sources */,
				2BB759412628259B0047F696 /* DashboardViewModel.swift in Sources */,
				2BB75977262828290047F696 /* SleepyImageModel.swift in Sources */,
				2BC28FCB262867BC00A565BE /* DashboardViewController.swift in Sources */,
			);
			runOnlyForDeploymentPostprocessing = 0;
		};
		2BC20CFC2628178000AC850C /* Sources */ = {
			isa = PBXSourcesBuildPhase;
			buildActionMask = 2147483647;
			files = (
				2BB7598C26282E8E0047F696 /* DashboardDataProviderMocks.swift in Sources */,
				2BC20D052628178000AC850C /* DashboardViewModelTests.swift in Sources */,
				2BC28FB7262865E800A565BE /* Meditation+Mock.swift in Sources */,
				2BC28FAF262865DF00A565BE /* Story+Mock.swift in Sources */,
				2BC28FA62628659F00A565BE /* StoryDetailViewModelTests.swift in Sources */,
			);
			runOnlyForDeploymentPostprocessing = 0;
		};
		2BC20D072628178000AC850C /* Sources */ = {
			isa = PBXSourcesBuildPhase;
			buildActionMask = 2147483647;
			files = (
				2BC20D102628178000AC850C /* SleepyUITests.swift in Sources */,
			);
			runOnlyForDeploymentPostprocessing = 0;
		};
/* End PBXSourcesBuildPhase section */

/* Begin PBXTargetDependency section */
		2BC20D022628178000AC850C /* PBXTargetDependency */ = {
			isa = PBXTargetDependency;
			target = 2BC20CE92628177F00AC850C /* Sleepy */;
			targetProxy = 2BC20D012628178000AC850C /* PBXContainerItemProxy */;
		};
		2BC20D0D2628178000AC850C /* PBXTargetDependency */ = {
			isa = PBXTargetDependency;
			target = 2BC20CE92628177F00AC850C /* Sleepy */;
			targetProxy = 2BC20D0C2628178000AC850C /* PBXContainerItemProxy */;
		};
/* End PBXTargetDependency section */

/* Begin PBXVariantGroup section */
		2BC20CF82628177F00AC850C /* LaunchScreen.storyboard */ = {
			isa = PBXVariantGroup;
			children = (
				2BC20CF92628177F00AC850C /* Base */,
			);
			name = LaunchScreen.storyboard;
			sourceTree = "<group>";
		};
/* End PBXVariantGroup section */

/* Begin XCBuildConfiguration section */
		2BC20D122628178000AC850C /* Debug */ = {
			isa = XCBuildConfiguration;
			buildSettings = {
				ALWAYS_SEARCH_USER_PATHS = NO;
				CLANG_ANALYZER_NONNULL = YES;
				CLANG_ANALYZER_NUMBER_OBJECT_CONVERSION = YES_AGGRESSIVE;
				CLANG_CXX_LANGUAGE_STANDARD = "gnu++14";
				CLANG_CXX_LIBRARY = "libc++";
				CLANG_ENABLE_MODULES = YES;
				CLANG_ENABLE_OBJC_ARC = YES;
				CLANG_ENABLE_OBJC_WEAK = YES;
				CLANG_WARN_BLOCK_CAPTURE_AUTORELEASING = YES;
				CLANG_WARN_BOOL_CONVERSION = YES;
				CLANG_WARN_COMMA = YES;
				CLANG_WARN_CONSTANT_CONVERSION = YES;
				CLANG_WARN_DEPRECATED_OBJC_IMPLEMENTATIONS = YES;
				CLANG_WARN_DIRECT_OBJC_ISA_USAGE = YES_ERROR;
				CLANG_WARN_DOCUMENTATION_COMMENTS = YES;
				CLANG_WARN_EMPTY_BODY = YES;
				CLANG_WARN_ENUM_CONVERSION = YES;
				CLANG_WARN_INFINITE_RECURSION = YES;
				CLANG_WARN_INT_CONVERSION = YES;
				CLANG_WARN_NON_LITERAL_NULL_CONVERSION = YES;
				CLANG_WARN_OBJC_IMPLICIT_RETAIN_SELF = YES;
				CLANG_WARN_OBJC_LITERAL_CONVERSION = YES;
				CLANG_WARN_OBJC_ROOT_CLASS = YES_ERROR;
				CLANG_WARN_QUOTED_INCLUDE_IN_FRAMEWORK_HEADER = YES;
				CLANG_WARN_RANGE_LOOP_ANALYSIS = YES;
				CLANG_WARN_STRICT_PROTOTYPES = YES;
				CLANG_WARN_SUSPICIOUS_MOVE = YES;
				CLANG_WARN_UNGUARDED_AVAILABILITY = YES_AGGRESSIVE;
				CLANG_WARN_UNREACHABLE_CODE = YES;
				CLANG_WARN__DUPLICATE_METHOD_MATCH = YES;
				COPY_PHASE_STRIP = NO;
				DEBUG_INFORMATION_FORMAT = dwarf;
				ENABLE_STRICT_OBJC_MSGSEND = YES;
				ENABLE_TESTABILITY = YES;
				GCC_C_LANGUAGE_STANDARD = gnu11;
				GCC_DYNAMIC_NO_PIC = NO;
				GCC_NO_COMMON_BLOCKS = YES;
				GCC_OPTIMIZATION_LEVEL = 0;
				GCC_PREPROCESSOR_DEFINITIONS = (
					"DEBUG=1",
					"$(inherited)",
				);
				GCC_WARN_64_TO_32_BIT_CONVERSION = YES;
				GCC_WARN_ABOUT_RETURN_TYPE = YES_ERROR;
				GCC_WARN_UNDECLARED_SELECTOR = YES;
				GCC_WARN_UNINITIALIZED_AUTOS = YES_AGGRESSIVE;
				GCC_WARN_UNUSED_FUNCTION = YES;
				GCC_WARN_UNUSED_VARIABLE = YES;
				IPHONEOS_DEPLOYMENT_TARGET = 12.0;
				MTL_ENABLE_DEBUG_INFO = INCLUDE_SOURCE;
				MTL_FAST_MATH = YES;
				ONLY_ACTIVE_ARCH = YES;
				SDKROOT = iphoneos;
				SWIFT_ACTIVE_COMPILATION_CONDITIONS = DEBUG;
				SWIFT_OPTIMIZATION_LEVEL = "-Onone";
			};
			name = Debug;
		};
		2BC20D132628178000AC850C /* Release */ = {
			isa = XCBuildConfiguration;
			buildSettings = {
				ALWAYS_SEARCH_USER_PATHS = NO;
				CLANG_ANALYZER_NONNULL = YES;
				CLANG_ANALYZER_NUMBER_OBJECT_CONVERSION = YES_AGGRESSIVE;
				CLANG_CXX_LANGUAGE_STANDARD = "gnu++14";
				CLANG_CXX_LIBRARY = "libc++";
				CLANG_ENABLE_MODULES = YES;
				CLANG_ENABLE_OBJC_ARC = YES;
				CLANG_ENABLE_OBJC_WEAK = YES;
				CLANG_WARN_BLOCK_CAPTURE_AUTORELEASING = YES;
				CLANG_WARN_BOOL_CONVERSION = YES;
				CLANG_WARN_COMMA = YES;
				CLANG_WARN_CONSTANT_CONVERSION = YES;
				CLANG_WARN_DEPRECATED_OBJC_IMPLEMENTATIONS = YES;
				CLANG_WARN_DIRECT_OBJC_ISA_USAGE = YES_ERROR;
				CLANG_WARN_DOCUMENTATION_COMMENTS = YES;
				CLANG_WARN_EMPTY_BODY = YES;
				CLANG_WARN_ENUM_CONVERSION = YES;
				CLANG_WARN_INFINITE_RECURSION = YES;
				CLANG_WARN_INT_CONVERSION = YES;
				CLANG_WARN_NON_LITERAL_NULL_CONVERSION = YES;
				CLANG_WARN_OBJC_IMPLICIT_RETAIN_SELF = YES;
				CLANG_WARN_OBJC_LITERAL_CONVERSION = YES;
				CLANG_WARN_OBJC_ROOT_CLASS = YES_ERROR;
				CLANG_WARN_QUOTED_INCLUDE_IN_FRAMEWORK_HEADER = YES;
				CLANG_WARN_RANGE_LOOP_ANALYSIS = YES;
				CLANG_WARN_STRICT_PROTOTYPES = YES;
				CLANG_WARN_SUSPICIOUS_MOVE = YES;
				CLANG_WARN_UNGUARDED_AVAILABILITY = YES_AGGRESSIVE;
				CLANG_WARN_UNREACHABLE_CODE = YES;
				CLANG_WARN__DUPLICATE_METHOD_MATCH = YES;
				COPY_PHASE_STRIP = NO;
				DEBUG_INFORMATION_FORMAT = "dwarf-with-dsym";
				ENABLE_NS_ASSERTIONS = NO;
				ENABLE_STRICT_OBJC_MSGSEND = YES;
				GCC_C_LANGUAGE_STANDARD = gnu11;
				GCC_NO_COMMON_BLOCKS = YES;
				GCC_WARN_64_TO_32_BIT_CONVERSION = YES;
				GCC_WARN_ABOUT_RETURN_TYPE = YES_ERROR;
				GCC_WARN_UNDECLARED_SELECTOR = YES;
				GCC_WARN_UNINITIALIZED_AUTOS = YES_AGGRESSIVE;
				GCC_WARN_UNUSED_FUNCTION = YES;
				GCC_WARN_UNUSED_VARIABLE = YES;
				IPHONEOS_DEPLOYMENT_TARGET = 12.0;
				MTL_ENABLE_DEBUG_INFO = NO;
				MTL_FAST_MATH = YES;
				SDKROOT = iphoneos;
				SWIFT_COMPILATION_MODE = wholemodule;
				SWIFT_OPTIMIZATION_LEVEL = "-O";
				VALIDATE_PRODUCT = YES;
			};
			name = Release;
		};
		2BC20D152628178000AC850C /* Debug */ = {
			isa = XCBuildConfiguration;
			baseConfigurationReference = 53B81CFB1FE0D483B6A1836C /* Pods-Sleepy.debug.xcconfig */;
			buildSettings = {
				ASSETCATALOG_COMPILER_APPICON_NAME = AppIcon;
				ASSETCATALOG_COMPILER_GLOBAL_ACCENT_COLOR_NAME = AccentColor;
				CODE_SIGN_STYLE = Automatic;
				INFOPLIST_FILE = Sleepy/Info.plist;
				LD_RUNPATH_SEARCH_PATHS = (
					"$(inherited)",
					"@executable_path/Frameworks",
				);
				PRODUCT_BUNDLE_IDENTIFIER = urklc.Sleepy;
				PRODUCT_NAME = "$(TARGET_NAME)";
				SWIFT_VERSION = 5.0;
				TARGETED_DEVICE_FAMILY = "1,2";
			};
			name = Debug;
		};
		2BC20D162628178000AC850C /* Release */ = {
			isa = XCBuildConfiguration;
			baseConfigurationReference = 48C5FE3BF75FA94457BBEAE3 /* Pods-Sleepy.release.xcconfig */;
			buildSettings = {
				ASSETCATALOG_COMPILER_APPICON_NAME = AppIcon;
				ASSETCATALOG_COMPILER_GLOBAL_ACCENT_COLOR_NAME = AccentColor;
				CODE_SIGN_STYLE = Automatic;
				INFOPLIST_FILE = Sleepy/Info.plist;
				LD_RUNPATH_SEARCH_PATHS = (
					"$(inherited)",
					"@executable_path/Frameworks",
				);
				PRODUCT_BUNDLE_IDENTIFIER = urklc.Sleepy;
				PRODUCT_NAME = "$(TARGET_NAME)";
				SWIFT_VERSION = 5.0;
				TARGETED_DEVICE_FAMILY = "1,2";
			};
			name = Release;
		};
		2BC20D182628178000AC850C /* Debug */ = {
			isa = XCBuildConfiguration;
			baseConfigurationReference = 6367D6A5361BAA1C55348EE4 /* Pods-SleepyTests.debug.xcconfig */;
			buildSettings = {
				ALWAYS_EMBED_SWIFT_STANDARD_LIBRARIES = YES;
				BUNDLE_LOADER = "$(TEST_HOST)";
				CODE_SIGN_STYLE = Automatic;
				INFOPLIST_FILE = SleepyTests/Info.plist;
				IPHONEOS_DEPLOYMENT_TARGET = 14.3;
				LD_RUNPATH_SEARCH_PATHS = (
					"$(inherited)",
					"@executable_path/Frameworks",
					"@loader_path/Frameworks",
				);
				PRODUCT_BUNDLE_IDENTIFIER = urklc.SleepyTests;
				PRODUCT_NAME = "$(TARGET_NAME)";
				SWIFT_VERSION = 5.0;
				TARGETED_DEVICE_FAMILY = "1,2";
				TEST_HOST = "$(BUILT_PRODUCTS_DIR)/Sleepy.app/Sleepy";
			};
			name = Debug;
		};
		2BC20D192628178000AC850C /* Release */ = {
			isa = XCBuildConfiguration;
			baseConfigurationReference = AB216AB4B29235DC2107EA7B /* Pods-SleepyTests.release.xcconfig */;
			buildSettings = {
				ALWAYS_EMBED_SWIFT_STANDARD_LIBRARIES = YES;
				BUNDLE_LOADER = "$(TEST_HOST)";
				CODE_SIGN_STYLE = Automatic;
				INFOPLIST_FILE = SleepyTests/Info.plist;
				IPHONEOS_DEPLOYMENT_TARGET = 14.3;
				LD_RUNPATH_SEARCH_PATHS = (
					"$(inherited)",
					"@executable_path/Frameworks",
					"@loader_path/Frameworks",
				);
				PRODUCT_BUNDLE_IDENTIFIER = urklc.SleepyTests;
				PRODUCT_NAME = "$(TARGET_NAME)";
				SWIFT_VERSION = 5.0;
				TARGETED_DEVICE_FAMILY = "1,2";
				TEST_HOST = "$(BUILT_PRODUCTS_DIR)/Sleepy.app/Sleepy";
			};
			name = Release;
		};
		2BC20D1B2628178000AC850C /* Debug */ = {
			isa = XCBuildConfiguration;
			baseConfigurationReference = BA20B37DFA6366E9E07A7144 /* Pods-Sleepy-SleepyUITests.debug.xcconfig */;
			buildSettings = {
				ALWAYS_EMBED_SWIFT_STANDARD_LIBRARIES = YES;
				CODE_SIGN_STYLE = Automatic;
				INFOPLIST_FILE = SleepyUITests/Info.plist;
				LD_RUNPATH_SEARCH_PATHS = (
					"$(inherited)",
					"@executable_path/Frameworks",
					"@loader_path/Frameworks",
				);
				PRODUCT_BUNDLE_IDENTIFIER = urklc.SleepyUITests;
				PRODUCT_NAME = "$(TARGET_NAME)";
				SWIFT_VERSION = 5.0;
				TARGETED_DEVICE_FAMILY = "1,2";
				TEST_TARGET_NAME = Sleepy;
			};
			name = Debug;
		};
		2BC20D1C2628178000AC850C /* Release */ = {
			isa = XCBuildConfiguration;
			baseConfigurationReference = 836F2E4EF5F508CC337083C2 /* Pods-Sleepy-SleepyUITests.release.xcconfig */;
			buildSettings = {
				ALWAYS_EMBED_SWIFT_STANDARD_LIBRARIES = YES;
				CODE_SIGN_STYLE = Automatic;
				INFOPLIST_FILE = SleepyUITests/Info.plist;
				LD_RUNPATH_SEARCH_PATHS = (
					"$(inherited)",
					"@executable_path/Frameworks",
					"@loader_path/Frameworks",
				);
				PRODUCT_BUNDLE_IDENTIFIER = urklc.SleepyUITests;
				PRODUCT_NAME = "$(TARGET_NAME)";
				SWIFT_VERSION = 5.0;
				TARGETED_DEVICE_FAMILY = "1,2";
				TEST_TARGET_NAME = Sleepy;
			};
			name = Release;
		};
/* End XCBuildConfiguration section */

/* Begin XCConfigurationList section */
		2BC20CE52628177F00AC850C /* Build configuration list for PBXProject "Sleepy" */ = {
			isa = XCConfigurationList;
			buildConfigurations = (
				2BC20D122628178000AC850C /* Debug */,
				2BC20D132628178000AC850C /* Release */,
			);
			defaultConfigurationIsVisible = 0;
			defaultConfigurationName = Release;
		};
		2BC20D142628178000AC850C /* Build configuration list for PBXNativeTarget "Sleepy" */ = {
			isa = XCConfigurationList;
			buildConfigurations = (
				2BC20D152628178000AC850C /* Debug */,
				2BC20D162628178000AC850C /* Release */,
			);
			defaultConfigurationIsVisible = 0;
			defaultConfigurationName = Release;
		};
		2BC20D172628178000AC850C /* Build configuration list for PBXNativeTarget "SleepyTests" */ = {
			isa = XCConfigurationList;
			buildConfigurations = (
				2BC20D182628178000AC850C /* Debug */,
				2BC20D192628178000AC850C /* Release */,
			);
			defaultConfigurationIsVisible = 0;
			defaultConfigurationName = Release;
		};
		2BC20D1A2628178000AC850C /* Build configuration list for PBXNativeTarget "SleepyUITests" */ = {
			isa = XCConfigurationList;
			buildConfigurations = (
				2BC20D1B2628178000AC850C /* Debug */,
				2BC20D1C2628178000AC850C /* Release */,
			);
			defaultConfigurationIsVisible = 0;
			defaultConfigurationName = Release;
		};
/* End XCConfigurationList section */
	};
	rootObject = 2BC20CE22628177F00AC850C /* Project object */;
}
